
Microsoft Visual Studio Solution File, Format Version 12.00
# Visual Studio 15
VisualStudioVersion = 15.0.27703.2000
MinimumVisualStudioVersion = 10.0.40219.1
Project("{FAE04EC0-301F-11D3-BF4B-00C04F79EFBC}") = "destine", "destine\destine.csproj", "{B3C6AF11-321D-4574-A197-CDA8A9E52871}"
EndProject
Global
	GlobalSection(SolutionConfigurationPlatforms) = preSolution
		Debug|Any CPU = Debug|Any CPU
		Release|Any CPU = Release|Any CPU
	EndGlobalSection
	GlobalSection(ProjectConfigurationPlatforms) = postSolution
		{B3C6AF11-321D-4574-A197-CDA8A9E52871}.Debug|Any CPU.ActiveCfg = Debug|Any CPU
		{B3C6AF11-321D-4574-A197-CDA8A9E52871}.Debug|Any CPU.Build.0 = Debug|Any CPU
		{B3C6AF11-321D-4574-A197-CDA8A9E52871}.Release|Any CPU.ActiveCfg = Release|Any CPU
		{B3C6AF11-321D-4574-A197-CDA8A9E52871}.Release|Any CPU.Build.0 = Release|Any CPU
	EndGlobalSection
	GlobalSection(SolutionProperties) = preSolution
		HideSolutionNode = FALSE
	EndGlobalSection
	GlobalSection(ExtensibilityGlobals) = postSolution
		SolutionGuid = {1B111D55-2908-4FCD-934E-2DC3F94C7331}
	EndGlobalSection
EndGlobal
